
Microsoft Visual Studio Solution File, Format Version 12.00
# Visual Studio Version 16
VisualStudioVersion = 16.0.29230.47
MinimumVisualStudioVersion = 10.0.40219.1
Project("{FAE04EC0-301F-11D3-BF4B-00C04F79EFBC}") = "ListsLinhHo", "ListsLinhHo\ListsLinhHo.csproj", "{74F04FD3-E6BA-47D4-8713-0FAF2EA10C4D}"
EndProject
Global
	GlobalSection(SolutionConfigurationPlatforms) = preSolution
		Debug|Any CPU = Debug|Any CPU
		Release|Any CPU = Release|Any CPU
	EndGlobalSection
	GlobalSection(ProjectConfigurationPlatforms) = postSolution
		{74F04FD3-E6BA-47D4-8713-0FAF2EA10C4D}.Debug|Any CPU.ActiveCfg = Debug|Any CPU
		{74F04FD3-E6BA-47D4-8713-0FAF2EA10C4D}.Debug|Any CPU.Build.0 = Debug|Any CPU
		{74F04FD3-E6BA-47D4-8713-0FAF2EA10C4D}.Release|Any CPU.ActiveCfg = Release|Any CPU
		{74F04FD3-E6BA-47D4-8713-0FAF2EA10C4D}.Release|Any CPU.Build.0 = Release|Any CPU
	EndGlobalSection
	GlobalSection(SolutionProperties) = preSolution
		HideSolutionNode = FALSE
	EndGlobalSection
	GlobalSection(ExtensibilityGlobals) = postSolution
		SolutionGuid = {6FD3C82C-082D-4C61-9BC5-4107DEFA702B}
	EndGlobalSection
EndGlobal
