
Microsoft Visual Studio Solution File, Format Version 12.00
# Visual Studio Version 16
VisualStudioVersion = 16.0.28922.388
MinimumVisualStudioVersion = 10.0.40219.1
Project("{FAE04EC0-301F-11D3-BF4B-00C04F79EFBC}") = "ArraysLinhHo", "ArraysLinhHo\ArraysLinhHo.csproj", "{35530474-FA4F-4D3D-BCD7-70A1DA3F20A6}"
EndProject
Global
	GlobalSection(SolutionConfigurationPlatforms) = preSolution
		Debug|Any CPU = Debug|Any CPU
		Release|Any CPU = Release|Any CPU
	EndGlobalSection
	GlobalSection(ProjectConfigurationPlatforms) = postSolution
		{35530474-FA4F-4D3D-BCD7-70A1DA3F20A6}.Debug|Any CPU.ActiveCfg = Debug|Any CPU
		{35530474-FA4F-4D3D-BCD7-70A1DA3F20A6}.Debug|Any CPU.Build.0 = Debug|Any CPU
		{35530474-FA4F-4D3D-BCD7-70A1DA3F20A6}.Release|Any CPU.ActiveCfg = Release|Any CPU
		{35530474-FA4F-4D3D-BCD7-70A1DA3F20A6}.Release|Any CPU.Build.0 = Release|Any CPU
	EndGlobalSection
	GlobalSection(SolutionProperties) = preSolution
		HideSolutionNode = FALSE
	EndGlobalSection
	GlobalSection(ExtensibilityGlobals) = postSolution
		SolutionGuid = {FDA6D638-F768-48AA-9829-9DC9F86DCE4F}
	EndGlobalSection
EndGlobal
