
Microsoft Visual Studio Solution File, Format Version 12.00
# Visual Studio Version 16
VisualStudioVersion = 16.0.29230.47
MinimumVisualStudioVersion = 10.0.40219.1
Project("{FAE04EC0-301F-11D3-BF4B-00C04F79EFBC}") = "DealCardLinhH", "DealCardLinhH\DealCardLinhH.csproj", "{6A47B672-F270-4540-8D5B-58602279C6DD}"
EndProject
Global
	GlobalSection(SolutionConfigurationPlatforms) = preSolution
		Debug|Any CPU = Debug|Any CPU
		Release|Any CPU = Release|Any CPU
	EndGlobalSection
	GlobalSection(ProjectConfigurationPlatforms) = postSolution
		{6A47B672-F270-4540-8D5B-58602279C6DD}.Debug|Any CPU.ActiveCfg = Debug|Any CPU
		{6A47B672-F270-4540-8D5B-58602279C6DD}.Debug|Any CPU.Build.0 = Debug|Any CPU
		{6A47B672-F270-4540-8D5B-58602279C6DD}.Release|Any CPU.ActiveCfg = Release|Any CPU
		{6A47B672-F270-4540-8D5B-58602279C6DD}.Release|Any CPU.Build.0 = Release|Any CPU
	EndGlobalSection
	GlobalSection(SolutionProperties) = preSolution
		HideSolutionNode = FALSE
	EndGlobalSection
	GlobalSection(ExtensibilityGlobals) = postSolution
		SolutionGuid = {4E650611-43AE-46C8-B598-7608B9F5A16B}
	EndGlobalSection
EndGlobal
