
Microsoft Visual Studio Solution File, Format Version 12.00
# Visual Studio Version 16
VisualStudioVersion = 16.0.29230.47
MinimumVisualStudioVersion = 10.0.40219.1
Project("{FAE04EC0-301F-11D3-BF4B-00C04F79EFBC}") = "MaxValueLinhH", "MaxValueLinhH\MaxValueLinhH.csproj", "{39B49A76-CB5E-44E8-A8AB-93B020882E63}"
EndProject
Global
	GlobalSection(SolutionConfigurationPlatforms) = preSolution
		Debug|Any CPU = Debug|Any CPU
		Release|Any CPU = Release|Any CPU
	EndGlobalSection
	GlobalSection(ProjectConfigurationPlatforms) = postSolution
		{39B49A76-CB5E-44E8-A8AB-93B020882E63}.Debug|Any CPU.ActiveCfg = Debug|Any CPU
		{39B49A76-CB5E-44E8-A8AB-93B020882E63}.Debug|Any CPU.Build.0 = Debug|Any CPU
		{39B49A76-CB5E-44E8-A8AB-93B020882E63}.Release|Any CPU.ActiveCfg = Release|Any CPU
		{39B49A76-CB5E-44E8-A8AB-93B020882E63}.Release|Any CPU.Build.0 = Release|Any CPU
	EndGlobalSection
	GlobalSection(SolutionProperties) = preSolution
		HideSolutionNode = FALSE
	EndGlobalSection
	GlobalSection(ExtensibilityGlobals) = postSolution
		SolutionGuid = {2908D9E6-C620-4ACD-8AB5-DF97EFBC47E1}
	EndGlobalSection
EndGlobal
